# This file is automatically @generated by Cargo.
# It is not intended for manual editing.
version = 4

[[package]]
name = "capstone-01-solution"
version = "0.1.0"

[[package]]
name = "capstone-01-starter"
version = "0.1.0"

[[package]]
name = "capstone-02-solution"
version = "0.1.0"

[[package]]
name = "capstone-02-starter"
version = "0.1.0"

[[package]]
name = "capstone-03-solution"
version = "0.1.0"

[[package]]
name = "capstone-03-starter"
version = "0.1.0"

[[package]]
name = "capstone-04-solution"
version = "0.1.0"

[[package]]
name = "capstone-04-starter"
version = "0.1.0"

[[package]]
name = "capstone-05-solution"
version = "0.1.0"

[[package]]
name = "capstone-05-starter"
version = "0.1.0"

[[package]]
name = "capstone-06-solution"
version = "0.1.0"

[[package]]
name = "capstone-06-starter"
version = "0.1.0"

[[package]]
name = "capstone-07-solution"
version = "0.1.0"

[[package]]
name = "capstone-07-starter"
version = "0.1.0"

[[package]]
name = "capstone-08-solution"
version = "0.1.0"

[[package]]
name = "capstone-08-starter"
version = "0.1.0"

[[package]]
name = "capstone-09-solution"
version = "0.1.0"

[[package]]
name = "capstone-09-starter"
version = "0.1.0"

[[package]]
name = "capstone-10-solution"
version = "0.1.0"

[[package]]
name = "capstone-10-starter"
version = "0.1.0"

[[package]]
name = "module-001-exercises"
version = "0.1.0"

[[package]]
name = "module-001-solutions"
version = "0.1.0"

[[package]]
name = "module-002-exercises"
version = "0.1.0"

[[package]]
name = "module-002-solutions"
version = "0.1.0"

[[package]]
name = "module-003-exercises"
version = "0.1.0"

[[package]]
name = "module-003-solutions"
version = "0.1.0"

[[package]]
name = "module-004-exercises"
version = "0.1.0"

[[package]]
name = "module-004-solutions"
version = "0.1.0"

[[package]]
name = "module-005-exercises"
version = "0.1.0"

[[package]]
name = "module-005-solutions"
version = "0.1.0"

[[package]]
name = "module-006-exercises"
version = "0.1.0"

[[package]]
name = "module-006-solutions"
version = "0.1.0"

[[package]]
name = "module-007-exercises"
version = "0.1.0"

[[package]]
name = "module-007-solutions"
version = "0.1.0"

[[package]]
name = "module-008-exercises"
version = "0.1.0"

[[package]]
name = "module-008-solutions"
version = "0.1.0"

[[package]]
name = "module-009-exercises"
version = "0.1.0"

[[package]]
name = "module-009-solutions"
version = "0.1.0"

[[package]]
name = "module-011-exercises"
version = "0.1.0"

[[package]]
name = "module-011-solutions"
version = "0.1.0"

[[package]]
name = "module-012-exercises"
version = "0.1.0"

[[package]]
name = "module-012-solutions"
version = "0.1.0"

[[package]]
name = "module-013-exercises"
version = "0.1.0"

[[package]]
name = "module-013-solutions"
version = "0.1.0"

[[package]]
name = "module-014-exercises"
version = "0.1.0"

[[package]]
name = "module-014-solutions"
version = "0.1.0"

[[package]]
name = "module-015-exercises"
version = "0.1.0"

[[package]]
name = "module-015-solutions"
version = "0.1.0"

[[package]]
name = "module-016-exercises"
version = "0.1.0"

[[package]]
name = "module-016-solutions"
version = "0.1.0"

[[package]]
name = "module-017-exercises"
version = "0.1.0"

[[package]]
name = "module-017-solutions"
version = "0.1.0"

[[package]]
name = "module-018-exercises"
version = "0.1.0"

[[package]]
name = "module-018-solutions"
version = "0.1.0"

[[package]]
name = "module-019-exercises"
version = "0.1.0"

[[package]]
name = "module-019-solutions"
version = "0.1.0"

[[package]]
name = "module-021-exercises"
version = "0.1.0"

[[package]]
name = "module-021-solutions"
version = "0.1.0"

[[package]]
name = "module-022-exercises"
version = "0.1.0"

[[package]]
name = "module-022-solutions"
version = "0.1.0"

[[package]]
name = "module-023-exercises"
version = "0.1.0"

[[package]]
name = "module-023-solutions"
version = "0.1.0"

[[package]]
name = "module-024-exercises"
version = "0.1.0"

[[package]]
name = "module-024-solutions"
version = "0.1.0"

[[package]]
name = "module-025-exercises"
version = "0.1.0"

[[package]]
name = "module-025-solutions"
version = "0.1.0"

[[package]]
name = "module-026-exercises"
version = "0.1.0"

[[package]]
name = "module-026-solutions"
version = "0.1.0"

[[package]]
name = "module-027-exercises"
version = "0.1.0"

[[package]]
name = "module-027-solutions"
version = "0.1.0"

[[package]]
name = "module-028-exercises"
version = "0.1.0"

[[package]]
name = "module-028-solutions"
version = "0.1.0"

[[package]]
name = "module-029-exercises"
version = "0.1.0"

[[package]]
name = "module-029-solutions"
version = "0.1.0"

[[package]]
name = "module-031-exercises"
version = "0.1.0"

[[package]]
name = "module-031-solutions"
version = "0.1.0"

[[package]]
name = "module-032-exercises"
version = "0.1.0"

[[package]]
name = "module-032-solutions"
version = "0.1.0"

[[package]]
name = "module-033-exercises"
version = "0.1.0"

[[package]]
name = "module-033-solutions"
version = "0.1.0"

[[package]]
name = "module-034-exercises"
version = "0.1.0"

[[package]]
name = "module-034-solutions"
version = "0.1.0"

[[package]]
name = "module-035-exercises"
version = "0.1.0"

[[package]]
name = "module-035-solutions"
version = "0.1.0"

[[package]]
name = "module-036-exercises"
version = "0.1.0"

[[package]]
name = "module-036-solutions"
version = "0.1.0"

[[package]]
name = "module-037-exercises"
version = "0.1.0"

[[package]]
name = "module-037-solutions"
version = "0.1.0"

[[package]]
name = "module-038-exercises"
version = "0.1.0"

[[package]]
name = "module-038-solutions"
version = "0.1.0"

[[package]]
name = "module-039-exercises"
version = "0.1.0"

[[package]]
name = "module-039-solutions"
version = "0.1.0"

[[package]]
name = "module-041-exercises"
version = "0.1.0"

[[package]]
name = "module-041-solutions"
version = "0.1.0"

[[package]]
name = "module-042-exercises"
version = "0.1.0"

[[package]]
name = "module-042-solutions"
version = "0.1.0"

[[package]]
name = "module-043-exercises"
version = "0.1.0"

[[package]]
name = "module-043-solutions"
version = "0.1.0"

[[package]]
name = "module-044-exercises"
version = "0.1.0"

[[package]]
name = "module-044-solutions"
version = "0.1.0"

[[package]]
name = "module-045-exercises"
version = "0.1.0"

[[package]]
name = "module-045-solutions"
version = "0.1.0"

[[package]]
name = "module-046-exercises"
version = "0.1.0"

[[package]]
name = "module-046-solutions"
version = "0.1.0"

[[package]]
name = "module-047-exercises"
version = "0.1.0"

[[package]]
name = "module-047-solutions"
version = "0.1.0"

[[package]]
name = "module-048-exercises"
version = "0.1.0"

[[package]]
name = "module-048-solutions"
version = "0.1.0"

[[package]]
name = "module-049-exercises"
version = "0.1.0"

[[package]]
name = "module-049-solutions"
version = "0.1.0"

[[package]]
name = "module-051-exercises"
version = "0.1.0"

[[package]]
name = "module-051-solutions"
version = "0.1.0"

[[package]]
name = "module-052-exercises"
version = "0.1.0"

[[package]]
name = "module-052-solutions"
version = "0.1.0"

[[package]]
name = "module-053-exercises"
version = "0.1.0"

[[package]]
name = "module-053-solutions"
version = "0.1.0"

[[package]]
name = "module-054-exercises"
version = "0.1.0"

[[package]]
name = "module-054-solutions"
version = "0.1.0"

[[package]]
name = "module-055-exercises"
version = "0.1.0"

[[package]]
name = "module-055-solutions"
version = "0.1.0"

[[package]]
name = "module-056-exercises"
version = "0.1.0"

[[package]]
name = "module-056-solutions"
version = "0.1.0"

[[package]]
name = "module-057-exercises"
version = "0.1.0"

[[package]]
name = "module-057-solutions"
version = "0.1.0"

[[package]]
name = "module-058-exercises"
version = "0.1.0"

[[package]]
name = "module-058-solutions"
version = "0.1.0"

[[package]]
name = "module-059-exercises"
version = "0.1.0"

[[package]]
name = "module-059-solutions"
version = "0.1.0"

[[package]]
name = "module-061-exercises"
version = "0.1.0"

[[package]]
name = "module-061-solutions"
version = "0.1.0"

[[package]]
name = "module-062-exercises"
version = "0.1.0"

[[package]]
name = "module-062-solutions"
version = "0.1.0"

[[package]]
name = "module-063-exercises"
version = "0.1.0"

[[package]]
name = "module-063-solutions"
version = "0.1.0"

[[package]]
name = "module-064-exercises"
version = "0.1.0"

[[package]]
name = "module-064-solutions"
version = "0.1.0"

[[package]]
name = "module-065-exercises"
version = "0.1.0"

[[package]]
name = "module-065-solutions"
version = "0.1.0"

[[package]]
name = "module-066-exercises"
version = "0.1.0"

[[package]]
name = "module-066-solutions"
version = "0.1.0"

[[package]]
name = "module-067-exercises"
version = "0.1.0"

[[package]]
name = "module-067-solutions"
version = "0.1.0"

[[package]]
name = "module-068-exercises"
version = "0.1.0"

[[package]]
name = "module-068-solutions"
version = "0.1.0"

[[package]]
name = "module-069-exercises"
version = "0.1.0"

[[package]]
name = "module-069-solutions"
version = "0.1.0"

[[package]]
name = "module-071-exercises"
version = "0.1.0"

[[package]]
name = "module-071-solutions"
version = "0.1.0"

[[package]]
name = "module-072-exercises"
version = "0.1.0"

[[package]]
name = "module-072-solutions"
version = "0.1.0"

[[package]]
name = "module-073-exercises"
version = "0.1.0"

[[package]]
name = "module-073-solutions"
version = "0.1.0"

[[package]]
name = "module-074-exercises"
version = "0.1.0"

[[package]]
name = "module-074-solutions"
version = "0.1.0"

[[package]]
name = "module-075-exercises"
version = "0.1.0"

[[package]]
name = "module-075-solutions"
version = "0.1.0"

[[package]]
name = "module-076-exercises"
version = "0.1.0"

[[package]]
name = "module-076-solutions"
version = "0.1.0"

[[package]]
name = "module-077-exercises"
version = "0.1.0"

[[package]]
name = "module-077-solutions"
version = "0.1.0"

[[package]]
name = "module-078-exercises"
version = "0.1.0"

[[package]]
name = "module-078-solutions"
version = "0.1.0"

[[package]]
name = "module-079-exercises"
version = "0.1.0"

[[package]]
name = "module-079-solutions"
version = "0.1.0"

[[package]]
name = "module-081-exercises"
version = "0.1.0"

[[package]]
name = "module-081-solutions"
version = "0.1.0"

[[package]]
name = "module-082-exercises"
version = "0.1.0"

[[package]]
name = "module-082-solutions"
version = "0.1.0"

[[package]]
name = "module-083-exercises"
version = "0.1.0"

[[package]]
name = "module-083-solutions"
version = "0.1.0"

[[package]]
name = "module-084-exercises"
version = "0.1.0"

[[package]]
name = "module-084-solutions"
version = "0.1.0"

[[package]]
name = "module-085-exercises"
version = "0.1.0"

[[package]]
name = "module-085-solutions"
version = "0.1.0"

[[package]]
name = "module-086-exercises"
version = "0.1.0"

[[package]]
name = "module-086-solutions"
version = "0.1.0"

[[package]]
name = "module-087-exercises"
version = "0.1.0"

[[package]]
name = "module-087-solutions"
version = "0.1.0"

[[package]]
name = "module-088-exercises"
version = "0.1.0"

[[package]]
name = "module-088-solutions"
version = "0.1.0"

[[package]]
name = "module-091-exercises"
version = "0.1.0"

[[package]]
name = "module-091-solutions"
version = "0.1.0"

[[package]]
name = "module-092-exercises"
version = "0.1.0"

[[package]]
name = "module-092-solutions"
version = "0.1.0"

[[package]]
name = "module-093-exercises"
version = "0.1.0"

[[package]]
name = "module-093-solutions"
version = "0.1.0"

[[package]]
name = "module-094-exercises"
version = "0.1.0"

[[package]]
name = "module-094-solutions"
version = "0.1.0"

[[package]]
name = "module-095-exercises"
version = "0.1.0"

[[package]]
name = "module-095-solutions"
version = "0.1.0"

[[package]]
name = "module-098-exercises"
version = "0.1.0"

[[package]]
name = "module-098-solutions"
version = "0.1.0"

[[package]]
name = "module-099-exercises"
version = "0.1.0"

[[package]]
name = "module-099-solutions"
version = "0.1.0"
